
Microsoft Visual Studio Solution File, Format Version 12.00
# Visual Studio 2013
VisualStudioVersion = 12.0.30501.0
MinimumVisualStudioVersion = 10.0.40219.1
Project("{2150E333-8FDC-42A3-9474-1A3956D46DE8}") = ".nuget", ".nuget", "{F3A6DCF1-39C0-416B-B022-9167899FCD18}"
	ProjectSection(SolutionItems) = preProject
		.nuget\NuGet.Config = .nuget\NuGet.Config
		.nuget\NuGet.exe = .nuget\NuGet.exe
		.nuget\NuGet.targets = .nuget\NuGet.targets
	EndProjectSection
EndProject
Project("{FAE04EC0-301F-11D3-BF4B-00C04F79EFBC}") = "eButxaca.Core", "eButxaca.Core\eButxaca.Core.csproj", "{6DD81EC4-34FE-4D66-AC4C-FF93FC9A1CF4}"
EndProject
Project("{FAE04EC0-301F-11D3-BF4B-00C04F79EFBC}") = "eButxaca.Domain", "eButxaca.Domain\eButxaca.Domain.csproj", "{0EAA1AF6-2DFC-4E75-AF24-28A03088995C}"
EndProject
Project("{2150E333-8FDC-42A3-9474-1A3956D46DE8}") = "Tests", "Tests", "{B68FE455-449B-4DCC-A497-9FA1CEF96DAA}"
EndProject
Project("{FAE04EC0-301F-11D3-BF4B-00C04F79EFBC}") = "eButxaca.Services", "eButxaca.Services\eButxaca.Services.csproj", "{04AF87A3-4302-43B5-AB9A-AF02FDD4B5D3}"
EndProject
Project("{FAE04EC0-301F-11D3-BF4B-00C04F79EFBC}") = "eButxaca.OWIN.Server", "eButxaca.OWIN.Hosting\eButxaca.OWIN.Server.csproj", "{A85ED2FC-451C-476B-8CF0-7D2813D65C3B}"
EndProject
Project("{FAE04EC0-301F-11D3-BF4B-00C04F79EFBC}") = "eButxaca.API", "eButxaca.API\eButxaca.API.csproj", "{66EE562D-6C78-42ED-B9C6-4E69DC74D6AA}"
EndProject
Project("{FAE04EC0-301F-11D3-BF4B-00C04F79EFBC}") = "eButxaca.TestingTools", "eButxaca.TestingTools\eButxaca.TestingTools.csproj", "{05FD524B-D1E9-4C8C-B4BA-0C9FD2429622}"
EndProject
Project("{FAE04EC0-301F-11D3-BF4B-00C04F79EFBC}") = "eButxaca.OWIN.Service", "eButxaca.OWIN.Service\eButxaca.OWIN.Service.csproj", "{C615C3AE-73F7-4AC2-A908-FAAE5369F747}"
EndProject
Project("{CC5FD16D-436D-48AD-A40C-5A424C6E3E79}") = "eButxaca.OWIN.CloudService", "eButxaca.OWIN.CloudService\eButxaca.OWIN.CloudService.ccproj", "{5A31CC49-B733-453F-BE6B-523505378E4A}"
EndProject
Project("{FAE04EC0-301F-11D3-BF4B-00C04F79EFBC}") = "eButxaca.OWIN.WorkerRole", "eButxaca.OWIN.WorkerRole\eButxaca.OWIN.WorkerRole.csproj", "{150DCC82-DE6E-49C5-9D88-2FEF3BBBACDF}"
EndProject
Global
	GlobalSection(SolutionConfigurationPlatforms) = preSolution
		Debug|Any CPU = Debug|Any CPU
		Release|Any CPU = Release|Any CPU
	EndGlobalSection
	GlobalSection(ProjectConfigurationPlatforms) = postSolution
		{6DD81EC4-34FE-4D66-AC4C-FF93FC9A1CF4}.Debug|Any CPU.ActiveCfg = Debug|Any CPU
		{6DD81EC4-34FE-4D66-AC4C-FF93FC9A1CF4}.Debug|Any CPU.Build.0 = Debug|Any CPU
		{6DD81EC4-34FE-4D66-AC4C-FF93FC9A1CF4}.Release|Any CPU.ActiveCfg = Release|Any CPU
		{6DD81EC4-34FE-4D66-AC4C-FF93FC9A1CF4}.Release|Any CPU.Build.0 = Release|Any CPU
		{0EAA1AF6-2DFC-4E75-AF24-28A03088995C}.Debug|Any CPU.ActiveCfg = Debug|Any CPU
		{0EAA1AF6-2DFC-4E75-AF24-28A03088995C}.Debug|Any CPU.Build.0 = Debug|Any CPU
		{0EAA1AF6-2DFC-4E75-AF24-28A03088995C}.Release|Any CPU.ActiveCfg = Release|Any CPU
		{0EAA1AF6-2DFC-4E75-AF24-28A03088995C}.Release|Any CPU.Build.0 = Release|Any CPU
		{04AF87A3-4302-43B5-AB9A-AF02FDD4B5D3}.Debug|Any CPU.ActiveCfg = Debug|Any CPU
		{04AF87A3-4302-43B5-AB9A-AF02FDD4B5D3}.Debug|Any CPU.Build.0 = Debug|Any CPU
		{04AF87A3-4302-43B5-AB9A-AF02FDD4B5D3}.Release|Any CPU.ActiveCfg = Release|Any CPU
		{04AF87A3-4302-43B5-AB9A-AF02FDD4B5D3}.Release|Any CPU.Build.0 = Release|Any CPU
		{A85ED2FC-451C-476B-8CF0-7D2813D65C3B}.Debug|Any CPU.ActiveCfg = Debug|Any CPU
		{A85ED2FC-451C-476B-8CF0-7D2813D65C3B}.Debug|Any CPU.Build.0 = Debug|Any CPU
		{A85ED2FC-451C-476B-8CF0-7D2813D65C3B}.Release|Any CPU.ActiveCfg = Release|Any CPU
		{A85ED2FC-451C-476B-8CF0-7D2813D65C3B}.Release|Any CPU.Build.0 = Release|Any CPU
		{66EE562D-6C78-42ED-B9C6-4E69DC74D6AA}.Debug|Any CPU.ActiveCfg = Debug|Any CPU
		{66EE562D-6C78-42ED-B9C6-4E69DC74D6AA}.Debug|Any CPU.Build.0 = Debug|Any CPU
		{66EE562D-6C78-42ED-B9C6-4E69DC74D6AA}.Release|Any CPU.ActiveCfg = Release|Any CPU
		{66EE562D-6C78-42ED-B9C6-4E69DC74D6AA}.Release|Any CPU.Build.0 = Release|Any CPU
		{05FD524B-D1E9-4C8C-B4BA-0C9FD2429622}.Debug|Any CPU.ActiveCfg = Debug|Any CPU
		{05FD524B-D1E9-4C8C-B4BA-0C9FD2429622}.Debug|Any CPU.Build.0 = Debug|Any CPU
		{05FD524B-D1E9-4C8C-B4BA-0C9FD2429622}.Release|Any CPU.ActiveCfg = Release|Any CPU
		{05FD524B-D1E9-4C8C-B4BA-0C9FD2429622}.Release|Any CPU.Build.0 = Release|Any CPU
		{C615C3AE-73F7-4AC2-A908-FAAE5369F747}.Debug|Any CPU.ActiveCfg = Debug|Any CPU
		{C615C3AE-73F7-4AC2-A908-FAAE5369F747}.Debug|Any CPU.Build.0 = Debug|Any CPU
		{C615C3AE-73F7-4AC2-A908-FAAE5369F747}.Release|Any CPU.ActiveCfg = Release|Any CPU
		{C615C3AE-73F7-4AC2-A908-FAAE5369F747}.Release|Any CPU.Build.0 = Release|Any CPU
		{5A31CC49-B733-453F-BE6B-523505378E4A}.Debug|Any CPU.ActiveCfg = Debug|Any CPU
		{5A31CC49-B733-453F-BE6B-523505378E4A}.Debug|Any CPU.Build.0 = Debug|Any CPU
		{5A31CC49-B733-453F-BE6B-523505378E4A}.Release|Any CPU.ActiveCfg = Release|Any CPU
		{5A31CC49-B733-453F-BE6B-523505378E4A}.Release|Any CPU.Build.0 = Release|Any CPU
		{150DCC82-DE6E-49C5-9D88-2FEF3BBBACDF}.Debug|Any CPU.ActiveCfg = Debug|Any CPU
		{150DCC82-DE6E-49C5-9D88-2FEF3BBBACDF}.Debug|Any CPU.Build.0 = Debug|Any CPU
		{150DCC82-DE6E-49C5-9D88-2FEF3BBBACDF}.Release|Any CPU.ActiveCfg = Release|Any CPU
		{150DCC82-DE6E-49C5-9D88-2FEF3BBBACDF}.Release|Any CPU.Build.0 = Release|Any CPU
	EndGlobalSection
	GlobalSection(SolutionProperties) = preSolution
		HideSolutionNode = FALSE
	EndGlobalSection
EndGlobal
